
Microsoft Visual Studio Solution File, Format Version 12.00
# Visual Studio Version 16
VisualStudioVersion = 16.0.32228.343
MinimumVisualStudioVersion = 10.0.40219.1
Project("{FAE04EC0-301F-11D3-BF4B-00C04F79EFBC}") = "OOPExample", "OOPExample\OOPExample.csproj", "{C6DA3DD7-9E08-4B5E-B689-AC48A0E580D7}"
EndProject
Project("{FAE04EC0-301F-11D3-BF4B-00C04F79EFBC}") = "ExampleUI", "ExampleUI\ExampleUI.csproj", "{544C8B12-FCC3-434A-A343-0BF01EC6C5F0}"
EndProject
Global
	GlobalSection(SolutionConfigurationPlatforms) = preSolution
		Debug|Any CPU = Debug|Any CPU
		Release|Any CPU = Release|Any CPU
	EndGlobalSection
	GlobalSection(ProjectConfigurationPlatforms) = postSolution
		{C6DA3DD7-9E08-4B5E-B689-AC48A0E580D7}.Debug|Any CPU.ActiveCfg = Debug|Any CPU
		{C6DA3DD7-9E08-4B5E-B689-AC48A0E580D7}.Debug|Any CPU.Build.0 = Debug|Any CPU
		{C6DA3DD7-9E08-4B5E-B689-AC48A0E580D7}.Release|Any CPU.ActiveCfg = Release|Any CPU
		{C6DA3DD7-9E08-4B5E-B689-AC48A0E580D7}.Release|Any CPU.Build.0 = Release|Any CPU
		{544C8B12-FCC3-434A-A343-0BF01EC6C5F0}.Debug|Any CPU.ActiveCfg = Debug|Any CPU
		{544C8B12-FCC3-434A-A343-0BF01EC6C5F0}.Debug|Any CPU.Build.0 = Debug|Any CPU
		{544C8B12-FCC3-434A-A343-0BF01EC6C5F0}.Release|Any CPU.ActiveCfg = Release|Any CPU
		{544C8B12-FCC3-434A-A343-0BF01EC6C5F0}.Release|Any CPU.Build.0 = Release|Any CPU
	EndGlobalSection
	GlobalSection(SolutionProperties) = preSolution
		HideSolutionNode = FALSE
	EndGlobalSection
	GlobalSection(ExtensibilityGlobals) = postSolution
		SolutionGuid = {EECE3692-AEFB-4180-906B-B0B74F9B1254}
	EndGlobalSection
EndGlobal
